{
  "meteor": {},
  "dependencies": {
    "basePackages": {
      "iron-router": {},
      "normalize.css": {
        "git": "https://github.com/rithis-archive/meteor-normalize.css.git",
        "branch": "master"
      },
      "Meteor.cron": {
        "git": "https://github.com/alexsuslov/Meteor.cron.git",
        "branch": "master"
      },
      "mongodb-server-aggregation": {},
      "npm": {}
    },
    "packages": {
      "iron-router": {
        "git": "https://github.com/EventedMind/iron-router.git",
        "tag": "v0.7.1",
        "commit": "d1ffb3f06ea4c112132b030f2eb1a70b81675ecb"
      },
      "normalize.css": {
        "git": "https://github.com/rithis-archive/meteor-normalize.css.git",
        "branch": "master",
        "commit": "f9a0b29953a4b6ed541530c79c96f58d499af312"
      },
      "Meteor.cron": {
        "git": "https://github.com/alexsuslov/Meteor.cron.git",
        "branch": "master",
        "commit": "8d0636499261f422ed3dfac4046d1327da782ebc"
      },
      "mongodb-server-aggregation": {
        "git": "https://github.com/zvictor/meteor-mongo-server.git",
        "tag": "v1.0.3",
        "commit": "416293e383f53e2506f1b7a1a7687390cbaf0e68"
      },
      "npm": {
        "git": "https://github.com/arunoda/meteor-npm.git",
        "tag": "v0.2.6",
        "commit": "177ab6118de5bf8cffb19481343d5762ff7a2aaf"
      },
      "blaze-layout": {
        "git": "https://github.com/EventedMind/blaze-layout.git",
        "tag": "v0.2.4",
        "commit": "b40e9b0612329288d75cf52ad14a7da64bb8618f"
      }
    }
  }
}
